
Microsoft Visual Studio Solution File, Format Version 12.00
# Visual Studio 14
VisualStudioVersion = 14.0.25123.0
MinimumVisualStudioVersion = 10.0.40219.1
Project("{FAE04EC0-301F-11D3-BF4B-00C04F79EFBC}") = "Framework", "Framework\Framework.csproj", "{A05E0583-31E3-4991-AB38-4CDD90008E53}"
EndProject
Project("{FAE04EC0-301F-11D3-BF4B-00C04F79EFBC}") = "LuckyGuess", "LuckyGuess\LuckyGuess.csproj", "{BBA23162-3EA7-4850-AC06-BE0404B2F525}"
EndProject
Project("{FAE04EC0-301F-11D3-BF4B-00C04F79EFBC}") = "FrameworkTest", "FrameworkTest\FrameworkTest.csproj", "{B008C70F-56BA-496B-B3C0-F62FB6691725}"
EndProject
Global
	GlobalSection(SolutionConfigurationPlatforms) = preSolution
		Debug|Any CPU = Debug|Any CPU
		Release|Any CPU = Release|Any CPU
	EndGlobalSection
	GlobalSection(ProjectConfigurationPlatforms) = postSolution
		{A05E0583-31E3-4991-AB38-4CDD90008E53}.Debug|Any CPU.ActiveCfg = Debug|Any CPU
		{A05E0583-31E3-4991-AB38-4CDD90008E53}.Debug|Any CPU.Build.0 = Debug|Any CPU
		{A05E0583-31E3-4991-AB38-4CDD90008E53}.Release|Any CPU.ActiveCfg = Release|Any CPU
		{A05E0583-31E3-4991-AB38-4CDD90008E53}.Release|Any CPU.Build.0 = Release|Any CPU
		{BBA23162-3EA7-4850-AC06-BE0404B2F525}.Debug|Any CPU.ActiveCfg = Debug|Any CPU
		{BBA23162-3EA7-4850-AC06-BE0404B2F525}.Debug|Any CPU.Build.0 = Debug|Any CPU
		{BBA23162-3EA7-4850-AC06-BE0404B2F525}.Release|Any CPU.ActiveCfg = Release|Any CPU
		{BBA23162-3EA7-4850-AC06-BE0404B2F525}.Release|Any CPU.Build.0 = Release|Any CPU
		{B008C70F-56BA-496B-B3C0-F62FB6691725}.Debug|Any CPU.ActiveCfg = Debug|Any CPU
		{B008C70F-56BA-496B-B3C0-F62FB6691725}.Debug|Any CPU.Build.0 = Debug|Any CPU
		{B008C70F-56BA-496B-B3C0-F62FB6691725}.Release|Any CPU.ActiveCfg = Release|Any CPU
		{B008C70F-56BA-496B-B3C0-F62FB6691725}.Release|Any CPU.Build.0 = Release|Any CPU
	EndGlobalSection
	GlobalSection(SolutionProperties) = preSolution
		HideSolutionNode = FALSE
	EndGlobalSection
EndGlobal
